
Microsoft Visual Studio Solution File, Format Version 12.00
# Visual Studio 15
VisualStudioVersion = 15.0.28307.1062
MinimumVisualStudioVersion = 10.0.40219.1
Project("{9A19103F-16F7-4668-BE54-9A1E7A4F7556}") = "PaymentAPI", "PaymentAPI\PaymentAPI.csproj", "{82F8EC16-8C45-4CF0-B3DF-4AAF6E8DB638}"
EndProject
Project("{9A19103F-16F7-4668-BE54-9A1E7A4F7556}") = "Payment.Entity", "Payment.Entity\Payment.Entity.csproj", "{E8E7513C-0E78-410B-B4E9-E20D4B949A41}"
EndProject
Project("{9A19103F-16F7-4668-BE54-9A1E7A4F7556}") = "Payment.Domain", "Payment.Domain\Payment.Domain.csproj", "{D13FAE21-C29D-4D6F-AE32-674257C7095D}"
EndProject
Project("{9A19103F-16F7-4668-BE54-9A1E7A4F7556}") = "Payment.Core", "Payment.Core\Payment.Core.csproj", "{6D07CF4A-B729-4679-BEF2-3D367DF50882}"
EndProject
Global
	GlobalSection(SolutionConfigurationPlatforms) = preSolution
		Debug|Any CPU = Debug|Any CPU
		Release|Any CPU = Release|Any CPU
	EndGlobalSection
	GlobalSection(ProjectConfigurationPlatforms) = postSolution
		{82F8EC16-8C45-4CF0-B3DF-4AAF6E8DB638}.Debug|Any CPU.ActiveCfg = Debug|Any CPU
		{82F8EC16-8C45-4CF0-B3DF-4AAF6E8DB638}.Debug|Any CPU.Build.0 = Debug|Any CPU
		{82F8EC16-8C45-4CF0-B3DF-4AAF6E8DB638}.Release|Any CPU.ActiveCfg = Release|Any CPU
		{82F8EC16-8C45-4CF0-B3DF-4AAF6E8DB638}.Release|Any CPU.Build.0 = Release|Any CPU
		{E8E7513C-0E78-410B-B4E9-E20D4B949A41}.Debug|Any CPU.ActiveCfg = Debug|Any CPU
		{E8E7513C-0E78-410B-B4E9-E20D4B949A41}.Debug|Any CPU.Build.0 = Debug|Any CPU
		{E8E7513C-0E78-410B-B4E9-E20D4B949A41}.Release|Any CPU.ActiveCfg = Release|Any CPU
		{E8E7513C-0E78-410B-B4E9-E20D4B949A41}.Release|Any CPU.Build.0 = Release|Any CPU
		{D13FAE21-C29D-4D6F-AE32-674257C7095D}.Debug|Any CPU.ActiveCfg = Debug|Any CPU
		{D13FAE21-C29D-4D6F-AE32-674257C7095D}.Debug|Any CPU.Build.0 = Debug|Any CPU
		{D13FAE21-C29D-4D6F-AE32-674257C7095D}.Release|Any CPU.ActiveCfg = Release|Any CPU
		{D13FAE21-C29D-4D6F-AE32-674257C7095D}.Release|Any CPU.Build.0 = Release|Any CPU
		{6D07CF4A-B729-4679-BEF2-3D367DF50882}.Debug|Any CPU.ActiveCfg = Debug|Any CPU
		{6D07CF4A-B729-4679-BEF2-3D367DF50882}.Debug|Any CPU.Build.0 = Debug|Any CPU
		{6D07CF4A-B729-4679-BEF2-3D367DF50882}.Release|Any CPU.ActiveCfg = Release|Any CPU
		{6D07CF4A-B729-4679-BEF2-3D367DF50882}.Release|Any CPU.Build.0 = Release|Any CPU
	EndGlobalSection
	GlobalSection(SolutionProperties) = preSolution
		HideSolutionNode = FALSE
	EndGlobalSection
	GlobalSection(ExtensibilityGlobals) = postSolution
		SolutionGuid = {ED5DD056-98C8-4663-A36E-852F85F50C5F}
	EndGlobalSection
EndGlobal
